
Microsoft Visual Studio Solution File, Format Version 12.00
# Visual Studio Version 17
VisualStudioVersion = 17.12.35527.113
MinimumVisualStudioVersion = 10.0.40219.1
Project("{FAE04EC0-301F-11D3-BF4B-00C04F79EFBC}") = "DAL", "DAL\DAL.csproj", "{A11D835E-087C-4BD7-8AF4-4587407F45BB}"
EndProject
Project("{FAE04EC0-301F-11D3-BF4B-00C04F79EFBC}") = "RUNAHMS-API", "RUNAHMS-API\RUNAHMS-API.csproj", "{52236E07-E991-4F4B-93B6-C31A131470E0}"
EndProject
Project("{FAE04EC0-301F-11D3-BF4B-00C04F79EFBC}") = "Bussiness Object", "Bussiness Object\Bussiness Object.csproj", "{7501CA43-744D-43EC-B51E-0D5FE2A43FF1}"
EndProject
Project("{FAE04EC0-301F-11D3-BF4B-00C04F79EFBC}") = "APITesting", "APITesting\APITesting.csproj", "{D0E0E37B-A771-4324-B73C-263E30EF37C9}"
EndProject
Global
	GlobalSection(SolutionConfigurationPlatforms) = preSolution
		Debug|Any CPU = Debug|Any CPU
		Release|Any CPU = Release|Any CPU
	EndGlobalSection
	GlobalSection(ProjectConfigurationPlatforms) = postSolution
		{A11D835E-087C-4BD7-8AF4-4587407F45BB}.Debug|Any CPU.ActiveCfg = Debug|Any CPU
		{A11D835E-087C-4BD7-8AF4-4587407F45BB}.Debug|Any CPU.Build.0 = Debug|Any CPU
		{A11D835E-087C-4BD7-8AF4-4587407F45BB}.Release|Any CPU.ActiveCfg = Release|Any CPU
		{A11D835E-087C-4BD7-8AF4-4587407F45BB}.Release|Any CPU.Build.0 = Release|Any CPU
		{52236E07-E991-4F4B-93B6-C31A131470E0}.Debug|Any CPU.ActiveCfg = Debug|Any CPU
		{52236E07-E991-4F4B-93B6-C31A131470E0}.Debug|Any CPU.Build.0 = Debug|Any CPU
		{52236E07-E991-4F4B-93B6-C31A131470E0}.Release|Any CPU.ActiveCfg = Release|Any CPU
		{52236E07-E991-4F4B-93B6-C31A131470E0}.Release|Any CPU.Build.0 = Release|Any CPU
		{7501CA43-744D-43EC-B51E-0D5FE2A43FF1}.Debug|Any CPU.ActiveCfg = Debug|Any CPU
		{7501CA43-744D-43EC-B51E-0D5FE2A43FF1}.Debug|Any CPU.Build.0 = Debug|Any CPU
		{7501CA43-744D-43EC-B51E-0D5FE2A43FF1}.Release|Any CPU.ActiveCfg = Release|Any CPU
		{7501CA43-744D-43EC-B51E-0D5FE2A43FF1}.Release|Any CPU.Build.0 = Release|Any CPU
		{D0E0E37B-A771-4324-B73C-263E30EF37C9}.Debug|Any CPU.ActiveCfg = Debug|Any CPU
		{D0E0E37B-A771-4324-B73C-263E30EF37C9}.Debug|Any CPU.Build.0 = Debug|Any CPU
		{D0E0E37B-A771-4324-B73C-263E30EF37C9}.Release|Any CPU.ActiveCfg = Release|Any CPU
		{D0E0E37B-A771-4324-B73C-263E30EF37C9}.Release|Any CPU.Build.0 = Release|Any CPU
	EndGlobalSection
	GlobalSection(SolutionProperties) = preSolution
		HideSolutionNode = FALSE
	EndGlobalSection
EndGlobal
